// !$*UTF8*$!
{
	archiveVersion = 1;
	classes = {
	};
	objectVersion = 46;
	objects = {

/* Begin PBXBuildFile section */
		691F744418EDCB12001A1DE4 /* EventQueue.cpp in Sources */ = {isa = PBXBuildFile; fileRef = 691F743D18EDCB12001A1DE4 /* EventQueue.cpp */; };
		691F744518EDCB12001A1DE4 /* EventQueue.cpp in Sources */ = {isa = PBXBuildFile; fileRef = 691F743D18EDCB12001A1DE4 /* EventQueue.cpp */; };
		691F744618EDCB12001A1DE4 /* zppsim_random.cpp in Sources */ = {isa = PBXBuildFile; fileRef = 691F744018EDCB12001A1DE4 /* zppsim_random.cpp */; };
		691F744718EDCB12001A1DE4 /* zppsim_random.cpp in Sources */ = {isa = PBXBuildFile; fileRef = 691F744018EDCB12001A1DE4 /* zppsim_random.cpp */; };
		691F744818EDCB12001A1DE4 /* zppsim_util.cpp in Sources */ = {isa = PBXBuildFile; fileRef = 691F744218EDCB12001A1DE4 /* zppsim_util.cpp */; };
		691F744918EDCB12001A1DE4 /* zppsim_util.cpp in Sources */ = {isa = PBXBuildFile; fileRef = 691F744218EDCB12001A1DE4 /* zppsim_util.cpp */; };
		692A383018B94A060085986A /* libsqlite3.0.dylib in Frameworks */ = {isa = PBXBuildFile; fileRef = 692A382F18B94A060085986A /* libsqlite3.0.dylib */; };
		692A384318B94A700085986A /* test.cpp in Sources */ = {isa = PBXBuildFile; fileRef = 692A384018B94A700085986A /* test.cpp */; };
		692A385218B94D4C0085986A /* libsqlite3.0.dylib in Frameworks */ = {isa = PBXBuildFile; fileRef = 692A382F18B94A060085986A /* libsqlite3.0.dylib */; };
		69410D151A192B2C00AB306C /* json.c in Sources */ = {isa = PBXBuildFile; fileRef = 69410D131A192B2C00AB306C /* json.c */; };
		69410D161A192B2C00AB306C /* json.c in Sources */ = {isa = PBXBuildFile; fileRef = 69410D131A192B2C00AB306C /* json.c */; };
		69410D241A192B3900AB306C /* JsonElement.cpp in Sources */ = {isa = PBXBuildFile; fileRef = 69410D1B1A192B3900AB306C /* JsonElement.cpp */; };
		69410D251A192B3900AB306C /* JsonElement.cpp in Sources */ = {isa = PBXBuildFile; fileRef = 69410D1B1A192B3900AB306C /* JsonElement.cpp */; };
		69410D261A192B3900AB306C /* zppjson_parse.cpp in Sources */ = {isa = PBXBuildFile; fileRef = 69410D211A192B3900AB306C /* zppjson_parse.cpp */; };
		69410D271A192B3900AB306C /* zppjson_parse.cpp in Sources */ = {isa = PBXBuildFile; fileRef = 69410D211A192B3900AB306C /* zppjson_parse.cpp */; };
		69410D321A192B4C00AB306C /* Database.cpp in Sources */ = {isa = PBXBuildFile; fileRef = 69410D281A192B4C00AB306C /* Database.cpp */; };
		69410D331A192B4C00AB306C /* Database.cpp in Sources */ = {isa = PBXBuildFile; fileRef = 69410D281A192B4C00AB306C /* Database.cpp */; };
		694E202A18EF7C0A0000D563 /* TestGene.cpp in Sources */ = {isa = PBXBuildFile; fileRef = 694E202818EF7C0A0000D563 /* TestGene.cpp */; };
		694E202D18EF83550000D563 /* TestStrain.cpp in Sources */ = {isa = PBXBuildFile; fileRef = 694E202B18EF83550000D563 /* TestStrain.cpp */; };
		69BEDEA41A1AB65500A08D9F /* Simulation.cpp in Sources */ = {isa = PBXBuildFile; fileRef = 692A381F18B949590085986A /* Simulation.cpp */; };
		69BEDEAB1A1AB66A00A08D9F /* main.cpp in Sources */ = {isa = PBXBuildFile; fileRef = 692A381318B9468E0085986A /* main.cpp */; };
		69BEDEAC1A1AB66A00A08D9F /* Simulation.cpp in Sources */ = {isa = PBXBuildFile; fileRef = 692A381F18B949590085986A /* Simulation.cpp */; };
		69BEDEAD1A1AB66A00A08D9F /* Population.cpp in Sources */ = {isa = PBXBuildFile; fileRef = 69BEE5C81905A30D00E39AA1 /* Population.cpp */; };
		69BEDEAE1A1AB66A00A08D9F /* Host.cpp in Sources */ = {isa = PBXBuildFile; fileRef = 692A381918B949590085986A /* Host.cpp */; };
		69BEDEAF1A1AB66A00A08D9F /* Infection.cpp in Sources */ = {isa = PBXBuildFile; fileRef = 693303411917857300EBB876 /* Infection.cpp */; };
		69BEDEB01A1AB66A00A08D9F /* ImmuneHistory.cpp in Sources */ = {isa = PBXBuildFile; fileRef = 69A421541917D4D70081DA06 /* ImmuneHistory.cpp */; };
		69BEDEB11A1AB66A00A08D9F /* Strain.cpp in Sources */ = {isa = PBXBuildFile; fileRef = 693F00F518BCFC63000F31C7 /* Strain.cpp */; };
		69BEDEB21A1AB66A00A08D9F /* Gene.cpp in Sources */ = {isa = PBXBuildFile; fileRef = 694E202418EF70AD0000D563 /* Gene.cpp */; };
		69BEDEB31A1AB66A00A08D9F /* main.cpp in Sources */ = {isa = PBXBuildFile; fileRef = 692A381318B9468E0085986A /* main.cpp */; };
		69BEDEB41A1AB66A00A08D9F /* Population.cpp in Sources */ = {isa = PBXBuildFile; fileRef = 69BEE5C81905A30D00E39AA1 /* Population.cpp */; };
		69BEDEB51A1AB66A00A08D9F /* Host.cpp in Sources */ = {isa = PBXBuildFile; fileRef = 692A381918B949590085986A /* Host.cpp */; };
		69BEDEB61A1AB66A00A08D9F /* Infection.cpp in Sources */ = {isa = PBXBuildFile; fileRef = 693303411917857300EBB876 /* Infection.cpp */; };
		69BEDEB71A1AB66A00A08D9F /* ImmuneHistory.cpp in Sources */ = {isa = PBXBuildFile; fileRef = 69A421541917D4D70081DA06 /* ImmuneHistory.cpp */; };
		69BEDEB81A1AB66A00A08D9F /* Strain.cpp in Sources */ = {isa = PBXBuildFile; fileRef = 693F00F518BCFC63000F31C7 /* Strain.cpp */; };
		69BEDEB91A1AB66A00A08D9F /* Gene.cpp in Sources */ = {isa = PBXBuildFile; fileRef = 694E202418EF70AD0000D563 /* Gene.cpp */; };
		69BEDEBB1A1BBF4B00A08D9F /* SimParameters.cpp in Sources */ = {isa = PBXBuildFile; fileRef = 69BEDEBA1A1BBF4B00A08D9F /* SimParameters.cpp */; };
		69BEDEBC1A1BBF4F00A08D9F /* SimParameters.cpp in Sources */ = {isa = PBXBuildFile; fileRef = 69BEDEBA1A1BBF4B00A08D9F /* SimParameters.cpp */; };
		69BEDEBF1A1BD8DE00A08D9F /* DiscretizedDistribution.cpp in Sources */ = {isa = PBXBuildFile; fileRef = 69BEDEBE1A1BD8DE00A08D9F /* DiscretizedDistribution.cpp */; };
/* End PBXBuildFile section */

/* Begin PBXCopyFilesBuildPhase section */
		692A383318B94A640085986A /* CopyFiles */ = {
			isa = PBXCopyFilesBuildPhase;
			buildActionMask = 2147483647;
			dstPath = /usr/share/man/man1/;
			dstSubfolderSpec = 0;
			files = (
			);
			runOnlyForDeploymentPostprocessing = 1;
		};
		693B771718B94655009D10D4 /* CopyFiles */ = {
			isa = PBXCopyFilesBuildPhase;
			buildActionMask = 2147483647;
			dstPath = /usr/share/man/man1/;
			dstSubfolderSpec = 0;
			files = (
			);
			runOnlyForDeploymentPostprocessing = 1;
		};
/* End PBXCopyFilesBuildPhase section */

/* Begin PBXFileReference section */
		691F743D18EDCB12001A1DE4 /* EventQueue.cpp */ = {isa = PBXFileReference; fileEncoding = 4; lastKnownFileType = sourcecode.cpp.cpp; name = EventQueue.cpp; path = zppsim/src/EventQueue.cpp; sourceTree = "<group>"; };
		691F743E18EDCB12001A1DE4 /* EventQueue.hpp */ = {isa = PBXFileReference; fileEncoding = 4; lastKnownFileType = sourcecode.cpp.h; name = EventQueue.hpp; path = zppsim/src/EventQueue.hpp; sourceTree = "<group>"; };
		691F743F18EDCB12001A1DE4 /* IndexedPriorityQueue.hpp */ = {isa = PBXFileReference; fileEncoding = 4; lastKnownFileType = sourcecode.cpp.h; name = IndexedPriorityQueue.hpp; path = zppsim/src/IndexedPriorityQueue.hpp; sourceTree = "<group>"; };
		691F744018EDCB12001A1DE4 /* zppsim_random.cpp */ = {isa = PBXFileReference; fileEncoding = 4; lastKnownFileType = sourcecode.cpp.cpp; name = zppsim_random.cpp; path = zppsim/src/zppsim_random.cpp; sourceTree = "<group>"; };
		691F744118EDCB12001A1DE4 /* zppsim_random.hpp */ = {isa = PBXFileReference; fileEncoding = 4; lastKnownFileType = sourcecode.cpp.h; name = zppsim_random.hpp; path = zppsim/src/zppsim_random.hpp; sourceTree = "<group>"; };
		691F744218EDCB12001A1DE4 /* zppsim_util.cpp */ = {isa = PBXFileReference; fileEncoding = 4; lastKnownFileType = sourcecode.cpp.cpp; name = zppsim_util.cpp; path = zppsim/src/zppsim_util.cpp; sourceTree = "<group>"; };
		691F744318EDCB12001A1DE4 /* zppsim_util.hpp */ = {isa = PBXFileReference; fileEncoding = 4; lastKnownFileType = sourcecode.cpp.h; name = zppsim_util.hpp; path = zppsim/src/zppsim_util.hpp; sourceTree = "<group>"; };
		692A381318B9468E0085986A /* main.cpp */ = {isa = PBXFileReference; fileEncoding = 4; lastKnownFileType = sourcecode.cpp.cpp; path = main.cpp; sourceTree = "<group>"; };
		692A381918B949590085986A /* Host.cpp */ = {isa = PBXFileReference; fileEncoding = 4; lastKnownFileType = sourcecode.cpp.cpp; path = Host.cpp; sourceTree = "<group>"; };
		692A381A18B949590085986A /* Host.h */ = {isa = PBXFileReference; fileEncoding = 4; lastKnownFileType = sourcecode.c.h; path = Host.h; sourceTree = "<group>"; };
		692A381E18B949590085986A /* SimParameters.h */ = {isa = PBXFileReference; fileEncoding = 4; lastKnownFileType = sourcecode.c.h; path = SimParameters.h; sourceTree = "<group>"; };
		692A381F18B949590085986A /* Simulation.cpp */ = {isa = PBXFileReference; fileEncoding = 4; lastKnownFileType = sourcecode.cpp.cpp; path = Simulation.cpp; sourceTree = "<group>"; };
		692A382018B949590085986A /* Simulation.h */ = {isa = PBXFileReference; fileEncoding = 4; lastKnownFileType = sourcecode.c.h; path = Simulation.h; sourceTree = "<group>"; };
		692A382F18B94A060085986A /* libsqlite3.0.dylib */ = {isa = PBXFileReference; lastKnownFileType = "compiled.mach-o.dylib"; name = libsqlite3.0.dylib; path = usr/lib/libsqlite3.0.dylib; sourceTree = SDKROOT; };
		692A383518B94A640085986A /* test_malariamodel */ = {isa = PBXFileReference; explicitFileType = "compiled.mach-o.executable"; includeInIndex = 0; path = test_malariamodel; sourceTree = BUILT_PRODUCTS_DIR; };
		692A384018B94A700085986A /* test.cpp */ = {isa = PBXFileReference; fileEncoding = 4; lastKnownFileType = sourcecode.cpp.cpp; path = test.cpp; sourceTree = "<group>"; };
		693303411917857300EBB876 /* Infection.cpp */ = {isa = PBXFileReference; fileEncoding = 4; lastKnownFileType = sourcecode.cpp.cpp; path = Infection.cpp; sourceTree = "<group>"; };
		693303421917857300EBB876 /* Infection.h */ = {isa = PBXFileReference; fileEncoding = 4; lastKnownFileType = sourcecode.c.h; path = Infection.h; sourceTree = "<group>"; };
		693B771918B94655009D10D4 /* malariamodel */ = {isa = PBXFileReference; explicitFileType = "compiled.mach-o.executable"; includeInIndex = 0; path = malariamodel; sourceTree = BUILT_PRODUCTS_DIR; };
		693F00F518BCFC63000F31C7 /* Strain.cpp */ = {isa = PBXFileReference; fileEncoding = 4; lastKnownFileType = sourcecode.cpp.cpp; path = Strain.cpp; sourceTree = "<group>"; };
		693F00F618BCFC63000F31C7 /* Strain.h */ = {isa = PBXFileReference; fileEncoding = 4; lastKnownFileType = sourcecode.c.h; path = Strain.h; sourceTree = "<group>"; };
		69410D131A192B2C00AB306C /* json.c */ = {isa = PBXFileReference; fileEncoding = 4; lastKnownFileType = sourcecode.c.c; path = json.c; sourceTree = "<group>"; };
		69410D141A192B2C00AB306C /* json.h */ = {isa = PBXFileReference; fileEncoding = 4; lastKnownFileType = sourcecode.c.h; path = json.h; sourceTree = "<group>"; };
		69410D171A192B3900AB306C /* Array.hpp */ = {isa = PBXFileReference; fileEncoding = 4; lastKnownFileType = sourcecode.cpp.h; path = Array.hpp; sourceTree = "<group>"; };
		69410D181A192B3900AB306C /* Bool.hpp */ = {isa = PBXFileReference; fileEncoding = 4; lastKnownFileType = sourcecode.cpp.h; path = Bool.hpp; sourceTree = "<group>"; };
		69410D191A192B3900AB306C /* Double.hpp */ = {isa = PBXFileReference; fileEncoding = 4; lastKnownFileType = sourcecode.cpp.h; path = Double.hpp; sourceTree = "<group>"; };
		69410D1A1A192B3900AB306C /* Int64.hpp */ = {isa = PBXFileReference; fileEncoding = 4; lastKnownFileType = sourcecode.cpp.h; path = Int64.hpp; sourceTree = "<group>"; };
		69410D1B1A192B3900AB306C /* JsonElement.cpp */ = {isa = PBXFileReference; fileEncoding = 4; lastKnownFileType = sourcecode.cpp.cpp; path = JsonElement.cpp; sourceTree = "<group>"; };
		69410D1C1A192B3900AB306C /* JsonElement.hpp */ = {isa = PBXFileReference; fileEncoding = 4; lastKnownFileType = sourcecode.cpp.h; path = JsonElement.hpp; sourceTree = "<group>"; };
		69410D1D1A192B3900AB306C /* Map.hpp */ = {isa = PBXFileReference; fileEncoding = 4; lastKnownFileType = sourcecode.cpp.h; path = Map.hpp; sourceTree = "<group>"; };
		69410D1E1A192B3900AB306C /* Optional.hpp */ = {isa = PBXFileReference; fileEncoding = 4; lastKnownFileType = sourcecode.cpp.h; path = Optional.hpp; sourceTree = "<group>"; };
		69410D1F1A192B3900AB306C /* String.hpp */ = {isa = PBXFileReference; fileEncoding = 4; lastKnownFileType = sourcecode.cpp.h; path = String.hpp; sourceTree = "<group>"; };
		69410D201A192B3900AB306C /* zppjson_macros.hpp */ = {isa = PBXFileReference; fileEncoding = 4; lastKnownFileType = sourcecode.cpp.h; path = zppjson_macros.hpp; sourceTree = "<group>"; };
		69410D211A192B3900AB306C /* zppjson_parse.cpp */ = {isa = PBXFileReference; fileEncoding = 4; lastKnownFileType = sourcecode.cpp.cpp; path = zppjson_parse.cpp; sourceTree = "<group>"; };
		69410D221A192B3900AB306C /* zppjson_parse.hpp */ = {isa = PBXFileReference; fileEncoding = 4; lastKnownFileType = sourcecode.cpp.h; path = zppjson_parse.hpp; sourceTree = "<group>"; };
		69410D231A192B3900AB306C /* zppjson.hpp */ = {isa = PBXFileReference; fileEncoding = 4; lastKnownFileType = sourcecode.cpp.h; path = zppjson.hpp; sourceTree = "<group>"; };
		69410D281A192B4C00AB306C /* Database.cpp */ = {isa = PBXFileReference; fileEncoding = 4; lastKnownFileType = sourcecode.cpp.cpp; path = Database.cpp; sourceTree = "<group>"; };
		69410D291A192B4C00AB306C /* Database.hpp */ = {isa = PBXFileReference; fileEncoding = 4; lastKnownFileType = sourcecode.cpp.h; path = Database.hpp; sourceTree = "<group>"; };
		69410D2A1A192B4C00AB306C /* Field.hpp */ = {isa = PBXFileReference; fileEncoding = 4; lastKnownFileType = sourcecode.cpp.h; path = Field.hpp; sourceTree = "<group>"; };
		69410D2B1A192B4C00AB306C /* Integer.hpp */ = {isa = PBXFileReference; fileEncoding = 4; lastKnownFileType = sourcecode.cpp.h; path = Integer.hpp; sourceTree = "<group>"; };
		69410D2C1A192B4C00AB306C /* Query.hpp */ = {isa = PBXFileReference; fileEncoding = 4; lastKnownFileType = sourcecode.cpp.h; path = Query.hpp; sourceTree = "<group>"; };
		69410D2D1A192B4C00AB306C /* Real.hpp */ = {isa = PBXFileReference; fileEncoding = 4; lastKnownFileType = sourcecode.cpp.h; path = Real.hpp; sourceTree = "<group>"; };
		69410D2E1A192B4C00AB306C /* Table.hpp */ = {isa = PBXFileReference; fileEncoding = 4; lastKnownFileType = sourcecode.cpp.h; path = Table.hpp; sourceTree = "<group>"; };
		69410D2F1A192B4C00AB306C /* Text.hpp */ = {isa = PBXFileReference; fileEncoding = 4; lastKnownFileType = sourcecode.cpp.h; path = Text.hpp; sourceTree = "<group>"; };
		69410D301A192B4C00AB306C /* zppdb_macros.hpp */ = {isa = PBXFileReference; fileEncoding = 4; lastKnownFileType = sourcecode.cpp.h; path = zppdb_macros.hpp; sourceTree = "<group>"; };
		69410D311A192B4C00AB306C /* zppdb.hpp */ = {isa = PBXFileReference; fileEncoding = 4; lastKnownFileType = sourcecode.cpp.h; path = zppdb.hpp; sourceTree = "<group>"; };
		694E202418EF70AD0000D563 /* Gene.cpp */ = {isa = PBXFileReference; fileEncoding = 4; lastKnownFileType = sourcecode.cpp.cpp; path = Gene.cpp; sourceTree = "<group>"; };
		694E202518EF70AD0000D563 /* Gene.h */ = {isa = PBXFileReference; fileEncoding = 4; lastKnownFileType = sourcecode.c.h; path = Gene.h; sourceTree = "<group>"; };
		694E202818EF7C0A0000D563 /* TestGene.cpp */ = {isa = PBXFileReference; fileEncoding = 4; lastKnownFileType = sourcecode.cpp.cpp; path = TestGene.cpp; sourceTree = "<group>"; };
		694E202B18EF83550000D563 /* TestStrain.cpp */ = {isa = PBXFileReference; fileEncoding = 4; lastKnownFileType = sourcecode.cpp.cpp; path = TestStrain.cpp; sourceTree = "<group>"; };
		69894B401EC8E86C00BE7CEF /* CheckpointDatabaseTypes.h */ = {isa = PBXFileReference; lastKnownFileType = sourcecode.c.h; path = CheckpointDatabaseTypes.h; sourceTree = "<group>"; };
		69A421541917D4D70081DA06 /* ImmuneHistory.cpp */ = {isa = PBXFileReference; fileEncoding = 4; lastKnownFileType = sourcecode.cpp.cpp; path = ImmuneHistory.cpp; sourceTree = "<group>"; };
		69A421551917D4D70081DA06 /* ImmuneHistory.h */ = {isa = PBXFileReference; fileEncoding = 4; lastKnownFileType = sourcecode.c.h; path = ImmuneHistory.h; sourceTree = "<group>"; };
		69BEDEA21A1A9CA300A08D9F /* DatabaseTypes.h */ = {isa = PBXFileReference; fileEncoding = 4; lastKnownFileType = sourcecode.c.h; path = DatabaseTypes.h; sourceTree = "<group>"; };
		69BEDEBA1A1BBF4B00A08D9F /* SimParameters.cpp */ = {isa = PBXFileReference; fileEncoding = 4; lastKnownFileType = sourcecode.cpp.cpp; path = SimParameters.cpp; sourceTree = "<group>"; };
		69BEDEBD1A1BD8C700A08D9F /* DiscretizedDistribution.h */ = {isa = PBXFileReference; fileEncoding = 4; lastKnownFileType = sourcecode.c.h; path = DiscretizedDistribution.h; sourceTree = "<group>"; };
		69BEDEBE1A1BD8DE00A08D9F /* DiscretizedDistribution.cpp */ = {isa = PBXFileReference; fileEncoding = 4; lastKnownFileType = sourcecode.cpp.cpp; path = DiscretizedDistribution.cpp; sourceTree = "<group>"; };
		69BEE5C81905A30D00E39AA1 /* Population.cpp */ = {isa = PBXFileReference; fileEncoding = 4; lastKnownFileType = sourcecode.cpp.cpp; path = Population.cpp; sourceTree = "<group>"; };
		69BEE5C91905A30D00E39AA1 /* Population.h */ = {isa = PBXFileReference; fileEncoding = 4; lastKnownFileType = sourcecode.c.h; path = Population.h; sourceTree = "<group>"; };
		69C4AD7318EC77D300AEB45B /* catch.hpp */ = {isa = PBXFileReference; lastKnownFileType = sourcecode.cpp.h; name = catch.hpp; path = catch/single_include/catch.hpp; sourceTree = SOURCE_ROOT; };
		69CA59191A1D54BB00BF7F27 /* HashPair.hpp */ = {isa = PBXFileReference; lastKnownFileType = sourcecode.cpp.h; name = HashPair.hpp; path = zppsim/src/HashPair.hpp; sourceTree = "<group>"; };
/* End PBXFileReference section */

/* Begin PBXFrameworksBuildPhase section */
		692A383218B94A640085986A /* Frameworks */ = {
			isa = PBXFrameworksBuildPhase;
			buildActionMask = 2147483647;
			files = (
				692A385218B94D4C0085986A /* libsqlite3.0.dylib in Frameworks */,
			);
			runOnlyForDeploymentPostprocessing = 0;
		};
		693B771618B94655009D10D4 /* Frameworks */ = {
			isa = PBXFrameworksBuildPhase;
			buildActionMask = 2147483647;
			files = (
				692A383018B94A060085986A /* libsqlite3.0.dylib in Frameworks */,
			);
			runOnlyForDeploymentPostprocessing = 0;
		};
/* End PBXFrameworksBuildPhase section */

/* Begin PBXGroup section */
		691F743C18EDCB05001A1DE4 /* zppsim */ = {
			isa = PBXGroup;
			children = (
				691F743E18EDCB12001A1DE4 /* EventQueue.hpp */,
				691F743D18EDCB12001A1DE4 /* EventQueue.cpp */,
				691F743F18EDCB12001A1DE4 /* IndexedPriorityQueue.hpp */,
				691F744118EDCB12001A1DE4 /* zppsim_random.hpp */,
				691F744018EDCB12001A1DE4 /* zppsim_random.cpp */,
				691F744318EDCB12001A1DE4 /* zppsim_util.hpp */,
				691F744218EDCB12001A1DE4 /* zppsim_util.cpp */,
				69CA59191A1D54BB00BF7F27 /* HashPair.hpp */,
			);
			name = zppsim;
			sourceTree = "<group>";
		};
		692A381218B9468E0085986A /* src */ = {
			isa = PBXGroup;
			children = (
				692A381318B9468E0085986A /* main.cpp */,
				692A381E18B949590085986A /* SimParameters.h */,
				69BEDEBA1A1BBF4B00A08D9F /* SimParameters.cpp */,
				69BEDEA21A1A9CA300A08D9F /* DatabaseTypes.h */,
				69894B401EC8E86C00BE7CEF /* CheckpointDatabaseTypes.h */,
				692A382018B949590085986A /* Simulation.h */,
				692A381F18B949590085986A /* Simulation.cpp */,
				69BEE5C91905A30D00E39AA1 /* Population.h */,
				69BEE5C81905A30D00E39AA1 /* Population.cpp */,
				692A381A18B949590085986A /* Host.h */,
				692A381918B949590085986A /* Host.cpp */,
				693303421917857300EBB876 /* Infection.h */,
				693303411917857300EBB876 /* Infection.cpp */,
				69A421551917D4D70081DA06 /* ImmuneHistory.h */,
				69A421541917D4D70081DA06 /* ImmuneHistory.cpp */,
				693F00F618BCFC63000F31C7 /* Strain.h */,
				693F00F518BCFC63000F31C7 /* Strain.cpp */,
				694E202518EF70AD0000D563 /* Gene.h */,
				694E202418EF70AD0000D563 /* Gene.cpp */,
				69BEDEBD1A1BD8C700A08D9F /* DiscretizedDistribution.h */,
				69BEDEBE1A1BD8DE00A08D9F /* DiscretizedDistribution.cpp */,
			);
			path = src;
			sourceTree = "<group>";
		};
		692A383E18B94A700085986A /* test */ = {
			isa = PBXGroup;
			children = (
				69C4AD7318EC77D300AEB45B /* catch.hpp */,
				692A384018B94A700085986A /* test.cpp */,
				694E202818EF7C0A0000D563 /* TestGene.cpp */,
				694E202B18EF83550000D563 /* TestStrain.cpp */,
			);
			path = test;
			sourceTree = "<group>";
		};
		693B771018B94655009D10D4 = {
			isa = PBXGroup;
			children = (
				692A381218B9468E0085986A /* src */,
				692A383E18B94A700085986A /* test */,
				69410D121A192AA600AB306C /* libjson */,
				69410D111A192A6B00AB306C /* zppjson */,
				69410D101A192A6500AB306C /* zppdb */,
				691F743C18EDCB05001A1DE4 /* zppsim */,
				693B771A18B94655009D10D4 /* Products */,
				692A382F18B94A060085986A /* libsqlite3.0.dylib */,
			);
			sourceTree = "<group>";
		};
		693B771A18B94655009D10D4 /* Products */ = {
			isa = PBXGroup;
			children = (
				693B771918B94655009D10D4 /* malariamodel */,
				692A383518B94A640085986A /* test_malariamodel */,
			);
			name = Products;
			sourceTree = "<group>";
		};
		69410D101A192A6500AB306C /* zppdb */ = {
			isa = PBXGroup;
			children = (
				69410D281A192B4C00AB306C /* Database.cpp */,
				69410D291A192B4C00AB306C /* Database.hpp */,
				69410D2A1A192B4C00AB306C /* Field.hpp */,
				69410D2B1A192B4C00AB306C /* Integer.hpp */,
				69410D2C1A192B4C00AB306C /* Query.hpp */,
				69410D2D1A192B4C00AB306C /* Real.hpp */,
				69410D2E1A192B4C00AB306C /* Table.hpp */,
				69410D2F1A192B4C00AB306C /* Text.hpp */,
				69410D301A192B4C00AB306C /* zppdb_macros.hpp */,
				69410D311A192B4C00AB306C /* zppdb.hpp */,
			);
			name = zppdb;
			path = zppdb/src;
			sourceTree = SOURCE_ROOT;
		};
		69410D111A192A6B00AB306C /* zppjson */ = {
			isa = PBXGroup;
			children = (
				69410D171A192B3900AB306C /* Array.hpp */,
				69410D181A192B3900AB306C /* Bool.hpp */,
				69410D191A192B3900AB306C /* Double.hpp */,
				69410D1A1A192B3900AB306C /* Int64.hpp */,
				69410D1B1A192B3900AB306C /* JsonElement.cpp */,
				69410D1C1A192B3900AB306C /* JsonElement.hpp */,
				69410D1D1A192B3900AB306C /* Map.hpp */,
				69410D1E1A192B3900AB306C /* Optional.hpp */,
				69410D1F1A192B3900AB306C /* String.hpp */,
				69410D201A192B3900AB306C /* zppjson_macros.hpp */,
				69410D211A192B3900AB306C /* zppjson_parse.cpp */,
				69410D221A192B3900AB306C /* zppjson_parse.hpp */,
				69410D231A192B3900AB306C /* zppjson.hpp */,
			);
			name = zppjson;
			path = zppjson/src;
			sourceTree = SOURCE_ROOT;
		};
		69410D121A192AA600AB306C /* libjson */ = {
			isa = PBXGroup;
			children = (
				69410D131A192B2C00AB306C /* json.c */,
				69410D141A192B2C00AB306C /* json.h */,
			);
			path = libjson;
			sourceTree = SOURCE_ROOT;
		};
/* End PBXGroup section */

/* Begin PBXNativeTarget section */
		692A383418B94A640085986A /* test_malariamodel */ = {
			isa = PBXNativeTarget;
			buildConfigurationList = 692A383B18B94A640085986A /* Build configuration list for PBXNativeTarget "test_malariamodel" */;
			buildPhases = (
				692A383118B94A640085986A /* Sources */,
				692A383218B94A640085986A /* Frameworks */,
				692A383318B94A640085986A /* CopyFiles */,
			);
			buildRules = (
			);
			dependencies = (
			);
			name = test_malariamodel;
			productName = test_malariamodel;
			productReference = 692A383518B94A640085986A /* test_malariamodel */;
			productType = "com.apple.product-type.tool";
		};
		693B771818B94655009D10D4 /* malariamodel */ = {
			isa = PBXNativeTarget;
			buildConfigurationList = 693B772218B94655009D10D4 /* Build configuration list for PBXNativeTarget "malariamodel" */;
			buildPhases = (
				693B771518B94655009D10D4 /* Sources */,
				693B771618B94655009D10D4 /* Frameworks */,
				693B771718B94655009D10D4 /* CopyFiles */,
			);
			buildRules = (
			);
			dependencies = (
			);
			name = malariamodel;
			productName = malariamodel;
			productReference = 693B771918B94655009D10D4 /* malariamodel */;
			productType = "com.apple.product-type.tool";
		};
/* End PBXNativeTarget section */

/* Begin PBXProject section */
		693B771118B94655009D10D4 /* Project object */ = {
			isa = PBXProject;
			attributes = {
				LastUpgradeCheck = 0500;
				ORGANIZATIONNAME = "Ed Baskerville";
			};
			buildConfigurationList = 693B771418B94655009D10D4 /* Build configuration list for PBXProject "malariamodel" */;
			compatibilityVersion = "Xcode 3.2";
			developmentRegion = English;
			hasScannedForEncodings = 0;
			knownRegions = (
				en,
			);
			mainGroup = 693B771018B94655009D10D4;
			productRefGroup = 693B771A18B94655009D10D4 /* Products */;
			projectDirPath = "";
			projectRoot = "";
			targets = (
				693B771818B94655009D10D4 /* malariamodel */,
				692A383418B94A640085986A /* test_malariamodel */,
			);
		};
/* End PBXProject section */

/* Begin PBXSourcesBuildPhase section */
		692A383118B94A640085986A /* Sources */ = {
			isa = PBXSourcesBuildPhase;
			buildActionMask = 2147483647;
			files = (
				69BEDEB91A1AB66A00A08D9F /* Gene.cpp in Sources */,
				69410D251A192B3900AB306C /* JsonElement.cpp in Sources */,
				69BEDEB41A1AB66A00A08D9F /* Population.cpp in Sources */,
				69410D161A192B2C00AB306C /* json.c in Sources */,
				69BEDEB31A1AB66A00A08D9F /* main.cpp in Sources */,
				69410D331A192B4C00AB306C /* Database.cpp in Sources */,
				694E202A18EF7C0A0000D563 /* TestGene.cpp in Sources */,
				691F744518EDCB12001A1DE4 /* EventQueue.cpp in Sources */,
				69BEDEBC1A1BBF4F00A08D9F /* SimParameters.cpp in Sources */,
				69BEDEB51A1AB66A00A08D9F /* Host.cpp in Sources */,
				691F744918EDCB12001A1DE4 /* zppsim_util.cpp in Sources */,
				69410D271A192B3900AB306C /* zppjson_parse.cpp in Sources */,
				694E202D18EF83550000D563 /* TestStrain.cpp in Sources */,
				692A384318B94A700085986A /* test.cpp in Sources */,
				691F744718EDCB12001A1DE4 /* zppsim_random.cpp in Sources */,
				69BEDEB61A1AB66A00A08D9F /* Infection.cpp in Sources */,
				69BEDEA41A1AB65500A08D9F /* Simulation.cpp in Sources */,
				69BEDEB81A1AB66A00A08D9F /* Strain.cpp in Sources */,
				69BEDEB71A1AB66A00A08D9F /* ImmuneHistory.cpp in Sources */,
			);
			runOnlyForDeploymentPostprocessing = 0;
		};
		693B771518B94655009D10D4 /* Sources */ = {
			isa = PBXSourcesBuildPhase;
			buildActionMask = 2147483647;
			files = (
				69BEDEAD1A1AB66A00A08D9F /* Population.cpp in Sources */,
				69BEDEAF1A1AB66A00A08D9F /* Infection.cpp in Sources */,
				69BEDEB11A1AB66A00A08D9F /* Strain.cpp in Sources */,
				691F744418EDCB12001A1DE4 /* EventQueue.cpp in Sources */,
				69410D241A192B3900AB306C /* JsonElement.cpp in Sources */,
				69410D261A192B3900AB306C /* zppjson_parse.cpp in Sources */,
				69BEDEB01A1AB66A00A08D9F /* ImmuneHistory.cpp in Sources */,
				691F744818EDCB12001A1DE4 /* zppsim_util.cpp in Sources */,
				69410D151A192B2C00AB306C /* json.c in Sources */,
				69BEDEB21A1AB66A00A08D9F /* Gene.cpp in Sources */,
				69BEDEBF1A1BD8DE00A08D9F /* DiscretizedDistribution.cpp in Sources */,
				691F744618EDCB12001A1DE4 /* zppsim_random.cpp in Sources */,
				69BEDEAC1A1AB66A00A08D9F /* Simulation.cpp in Sources */,
				69BEDEAE1A1AB66A00A08D9F /* Host.cpp in Sources */,
				69BEDEAB1A1AB66A00A08D9F /* main.cpp in Sources */,
				69410D321A192B4C00AB306C /* Database.cpp in Sources */,
				69BEDEBB1A1BBF4B00A08D9F /* SimParameters.cpp in Sources */,
			);
			runOnlyForDeploymentPostprocessing = 0;
		};
/* End PBXSourcesBuildPhase section */

/* Begin XCBuildConfiguration section */
		692A383C18B94A640085986A /* Debug */ = {
			isa = XCBuildConfiguration;
			buildSettings = {
				GCC_PREPROCESSOR_DEFINITIONS = (
					"DEBUG=1",
					"$(inherited)",
				);
				PRODUCT_NAME = "$(TARGET_NAME)";
			};
			name = Debug;
		};
		692A383D18B94A640085986A /* Release */ = {
			isa = XCBuildConfiguration;
			buildSettings = {
				PRODUCT_NAME = "$(TARGET_NAME)";
			};
			name = Release;
		};
		693B772018B94655009D10D4 /* Debug */ = {
			isa = XCBuildConfiguration;
			buildSettings = {
				ALWAYS_SEARCH_USER_PATHS = NO;
				CLANG_CXX_LANGUAGE_STANDARD = "c++0x";
				CLANG_CXX_LIBRARY = "libc++";
				CLANG_ENABLE_OBJC_ARC = YES;
				CLANG_WARN_BOOL_CONVERSION = YES;
				CLANG_WARN_CONSTANT_CONVERSION = YES;
				CLANG_WARN_DIRECT_OBJC_ISA_USAGE = YES_ERROR;
				CLANG_WARN_EMPTY_BODY = YES;
				CLANG_WARN_ENUM_CONVERSION = YES;
				CLANG_WARN_INT_CONVERSION = YES;
				CLANG_WARN_OBJC_ROOT_CLASS = YES_ERROR;
				CLANG_WARN__DUPLICATE_METHOD_MATCH = YES;
				COPY_PHASE_STRIP = NO;
				DEBUG_INFORMATION_FORMAT = "dwarf-with-dsym";
				GCC_C_LANGUAGE_STANDARD = c99;
				GCC_DYNAMIC_NO_PIC = NO;
				GCC_ENABLE_OBJC_EXCEPTIONS = YES;
				GCC_OPTIMIZATION_LEVEL = 0;
				GCC_PREPROCESSOR_DEFINITIONS = (
					"DEBUG=1",
					"$(inherited)",
				);
				GCC_SYMBOLS_PRIVATE_EXTERN = NO;
				GCC_WARN_64_TO_32_BIT_CONVERSION = YES;
				GCC_WARN_ABOUT_RETURN_TYPE = YES_ERROR;
				GCC_WARN_UNDECLARED_SELECTOR = YES;
				GCC_WARN_UNINITIALIZED_AUTOS = YES;
				GCC_WARN_UNUSED_FUNCTION = YES;
				GCC_WARN_UNUSED_VARIABLE = YES;
				HEADER_SEARCH_PATHS = (
					"$(inherited)",
					/Applications/Xcode.app/Contents/Developer/Toolchains/XcodeDefault.xctoolchain/usr/include,
					preprocessor/include,
				);
				MACOSX_DEPLOYMENT_TARGET = 10.9;
				ONLY_ACTIVE_ARCH = YES;
				SDKROOT = macosx;
			};
			name = Debug;
		};
		693B772118B94655009D10D4 /* Release */ = {
			isa = XCBuildConfiguration;
			buildSettings = {
				ALWAYS_SEARCH_USER_PATHS = NO;
				CLANG_CXX_LANGUAGE_STANDARD = "c++0x";
				CLANG_CXX_LIBRARY = "libc++";
				CLANG_ENABLE_OBJC_ARC = YES;
				CLANG_WARN_BOOL_CONVERSION = YES;
				CLANG_WARN_CONSTANT_CONVERSION = YES;
				CLANG_WARN_DIRECT_OBJC_ISA_USAGE = YES_ERROR;
				CLANG_WARN_EMPTY_BODY = YES;
				CLANG_WARN_ENUM_CONVERSION = YES;
				CLANG_WARN_INT_CONVERSION = YES;
				CLANG_WARN_OBJC_ROOT_CLASS = YES_ERROR;
				CLANG_WARN__DUPLICATE_METHOD_MATCH = YES;
				COPY_PHASE_STRIP = YES;
				DEBUG_INFORMATION_FORMAT = "dwarf-with-dsym";
				ENABLE_NS_ASSERTIONS = NO;
				GCC_C_LANGUAGE_STANDARD = c99;
				GCC_ENABLE_OBJC_EXCEPTIONS = YES;
				GCC_WARN_64_TO_32_BIT_CONVERSION = YES;
				GCC_WARN_ABOUT_RETURN_TYPE = YES_ERROR;
				GCC_WARN_UNDECLARED_SELECTOR = YES;
				GCC_WARN_UNINITIALIZED_AUTOS = YES;
				GCC_WARN_UNUSED_FUNCTION = YES;
				GCC_WARN_UNUSED_VARIABLE = YES;
				HEADER_SEARCH_PATHS = (
					"$(inherited)",
					/Applications/Xcode.app/Contents/Developer/Toolchains/XcodeDefault.xctoolchain/usr/include,
					preprocessor/include,
				);
				MACOSX_DEPLOYMENT_TARGET = 10.9;
				SDKROOT = macosx;
			};
			name = Release;
		};
		693B772318B94655009D10D4 /* Debug */ = {
			isa = XCBuildConfiguration;
			buildSettings = {
				PRODUCT_NAME = "$(TARGET_NAME)";
			};
			name = Debug;
		};
		693B772418B94655009D10D4 /* Release */ = {
			isa = XCBuildConfiguration;
			buildSettings = {
				PRODUCT_NAME = "$(TARGET_NAME)";
			};
			name = Release;
		};
/* End XCBuildConfiguration section */

/* Begin XCConfigurationList section */
		692A383B18B94A640085986A /* Build configuration list for PBXNativeTarget "test_malariamodel" */ = {
			isa = XCConfigurationList;
			buildConfigurations = (
				692A383C18B94A640085986A /* Debug */,
				692A383D18B94A640085986A /* Release */,
			);
			defaultConfigurationIsVisible = 0;
			defaultConfigurationName = Release;
		};
		693B771418B94655009D10D4 /* Build configuration list for PBXProject "malariamodel" */ = {
			isa = XCConfigurationList;
			buildConfigurations = (
				693B772018B94655009D10D4 /* Debug */,
				693B772118B94655009D10D4 /* Release */,
			);
			defaultConfigurationIsVisible = 0;
			defaultConfigurationName = Release;
		};
		693B772218B94655009D10D4 /* Build configuration list for PBXNativeTarget "malariamodel" */ = {
			isa = XCConfigurationList;
			buildConfigurations = (
				693B772318B94655009D10D4 /* Debug */,
				693B772418B94655009D10D4 /* Release */,
			);
			defaultConfigurationIsVisible = 0;
			defaultConfigurationName = Release;
		};
/* End XCConfigurationList section */
	};
	rootObject = 693B771118B94655009D10D4 /* Project object */;
}
